// !$*UTF8*$!
{
	archiveVersion = 1;
	classes = {
	};
	objectVersion = 46;
	objects = {

/* Begin PBXBuildFile section */
		C62E68BE1988E6BF0019652B /* Utils.swift in Sources */ = {isa = PBXBuildFile; fileRef = C62E68BD1988E6BF0019652B /* Utils.swift */; };
		C62E68C01988EFE30019652B /* ImageLoader.swift in Sources */ = {isa = PBXBuildFile; fileRef = C62E68BF1988EFE30019652B /* ImageLoader.swift */; };
		C62E68C21988F7DB0019652B /* PresentationViewController.swift in Sources */ = {isa = PBXBuildFile; fileRef = C62E68C11988F7DB0019652B /* PresentationViewController.swift */; };
		C6C6EEBA198804D000C97F31 /* APIController.swift in Sources */ = {isa = PBXBuildFile; fileRef = C6C6EEB9198804D000C97F31 /* APIController.swift */; };
		C6C6EEBC1988238900C97F31 /* Presentation.swift in Sources */ = {isa = PBXBuildFile; fileRef = C6C6EEBB1988238900C97F31 /* Presentation.swift */; };
		C6EE91B61982C2EB00A4CFFF /* AppDelegate.swift in Sources */ = {isa = PBXBuildFile; fileRef = C6EE91B51982C2EB00A4CFFF /* AppDelegate.swift */; };
		C6EE91B81982C2EB00A4CFFF /* PresentationsViewController.swift in Sources */ = {isa = PBXBuildFile; fileRef = C6EE91B71982C2EB00A4CFFF /* PresentationsViewController.swift */; };
		C6EE91BF1982C2EB00A4CFFF /* Images.xcassets in Resources */ = {isa = PBXBuildFile; fileRef = C6EE91BE1982C2EB00A4CFFF /* Images.xcassets */; };
		C6EE91CB1982C2EB00A4CFFF /* InfoQTests.swift in Sources */ = {isa = PBXBuildFile; fileRef = C6EE91CA1982C2EB00A4CFFF /* InfoQTests.swift */; };
/* End PBXBuildFile section */

/* Begin PBXContainerItemProxy section */
		C6EE91C51982C2EB00A4CFFF /* PBXContainerItemProxy */ = {
			isa = PBXContainerItemProxy;
			containerPortal = C6EE91A81982C2EA00A4CFFF /* Project object */;
			proxyType = 1;
			remoteGlobalIDString = C6EE91AF1982C2EA00A4CFFF;
			remoteInfo = InfoQ;
		};
/* End PBXContainerItemProxy section */

/* Begin PBXFileReference section */
		C62E68BD1988E6BF0019652B /* Utils.swift */ = {isa = PBXFileReference; fileEncoding = 4; lastKnownFileType = sourcecode.swift; path = Utils.swift; sourceTree = "<group>"; };
		C62E68BF1988EFE30019652B /* ImageLoader.swift */ = {isa = PBXFileReference; fileEncoding = 4; lastKnownFileType = sourcecode.swift; path = ImageLoader.swift; sourceTree = "<group>"; };
		C62E68C11988F7DB0019652B /* PresentationViewController.swift */ = {isa = PBXFileReference; fileEncoding = 4; lastKnownFileType = sourcecode.swift; path = PresentationViewController.swift; sourceTree = "<group>"; };
		C6C6EEB9198804D000C97F31 /* APIController.swift */ = {isa = PBXFileReference; fileEncoding = 4; lastKnownFileType = sourcecode.swift; path = APIController.swift; sourceTree = "<group>"; };
		C6C6EEBB1988238900C97F31 /* Presentation.swift */ = {isa = PBXFileReference; fileEncoding = 4; lastKnownFileType = sourcecode.swift; path = Presentation.swift; sourceTree = "<group>"; };
		C6EE91B01982C2EB00A4CFFF /* InfoQ.app */ = {isa = PBXFileReference; explicitFileType = wrapper.application; includeInIndex = 0; path = InfoQ.app; sourceTree = BUILT_PRODUCTS_DIR; };
		C6EE91B41982C2EB00A4CFFF /* Info.plist */ = {isa = PBXFileReference; lastKnownFileType = text.plist.xml; path = Info.plist; sourceTree = "<group>"; };
		C6EE91B51982C2EB00A4CFFF /* AppDelegate.swift */ = {isa = PBXFileReference; lastKnownFileType = sourcecode.swift; path = AppDelegate.swift; sourceTree = "<group>"; };
		C6EE91B71982C2EB00A4CFFF /* PresentationsViewController.swift */ = {isa = PBXFileReference; lastKnownFileType = sourcecode.swift; path = PresentationsViewController.swift; sourceTree = "<group>"; };
		C6EE91BE1982C2EB00A4CFFF /* Images.xcassets */ = {isa = PBXFileReference; lastKnownFileType = folder.assetcatalog; path = Images.xcassets; sourceTree = "<group>"; };
		C6EE91C41982C2EB00A4CFFF /* InfoQTests.xctest */ = {isa = PBXFileReference; explicitFileType = wrapper.cfbundle; includeInIndex = 0; path = InfoQTests.xctest; sourceTree = BUILT_PRODUCTS_DIR; };
		C6EE91C91982C2EB00A4CFFF /* Info.plist */ = {isa = PBXFileReference; lastKnownFileType = text.plist.xml; path = Info.plist; sourceTree = "<group>"; };
		C6EE91CA1982C2EB00A4CFFF /* InfoQTests.swift */ = {isa = PBXFileReference; lastKnownFileType = sourcecode.swift; path = InfoQTests.swift; sourceTree = "<group>"; };
/* End PBXFileReference section */

/* Begin PBXFrameworksBuildPhase section */
		C6EE91AD1982C2EA00A4CFFF /* Frameworks */ = {
			isa = PBXFrameworksBuildPhase;
			buildActionMask = 2147483647;
			files = (
			);
			runOnlyForDeploymentPostprocessing = 0;
		};
		C6EE91C11982C2EB00A4CFFF /* Frameworks */ = {
			isa = PBXFrameworksBuildPhase;
			buildActionMask = 2147483647;
			files = (
			);
			runOnlyForDeploymentPostprocessing = 0;
		};
/* End PBXFrameworksBuildPhase section */

/* Begin PBXGroup section */
		C6EE91A71982C2EA00A4CFFF = {
			isa = PBXGroup;
			children = (
				C6EE91B21982C2EB00A4CFFF /* InfoQ */,
				C6EE91C71982C2EB00A4CFFF /* InfoQTests */,
				C6EE91B11982C2EB00A4CFFF /* Products */,
			);
			sourceTree = "<group>";
		};
		C6EE91B11982C2EB00A4CFFF /* Products */ = {
			isa = PBXGroup;
			children = (
				C6EE91B01982C2EB00A4CFFF /* InfoQ.app */,
				C6EE91C41982C2EB00A4CFFF /* InfoQTests.xctest */,
			);
			name = Products;
			sourceTree = "<group>";
		};
		C6EE91B21982C2EB00A4CFFF /* InfoQ */ = {
			isa = PBXGroup;
			children = (
				C6EE91B51982C2EB00A4CFFF /* AppDelegate.swift */,
				C6EE91B71982C2EB00A4CFFF /* PresentationsViewController.swift */,
				C62E68C11988F7DB0019652B /* PresentationViewController.swift */,
				C6C6EEBB1988238900C97F31 /* Presentation.swift */,
				C6C6EEB9198804D000C97F31 /* APIController.swift */,
				C62E68BF1988EFE30019652B /* ImageLoader.swift */,
				C62E68BD1988E6BF0019652B /* Utils.swift */,
				C6EE91BE1982C2EB00A4CFFF /* Images.xcassets */,
				C6EE91B31982C2EB00A4CFFF /* Supporting Files */,
			);
			path = InfoQ;
			sourceTree = "<group>";
		};
		C6EE91B31982C2EB00A4CFFF /* Supporting Files */ = {
			isa = PBXGroup;
			children = (
				C6EE91B41982C2EB00A4CFFF /* Info.plist */,
			);
			name = "Supporting Files";
			sourceTree = "<group>";
		};
		C6EE91C71982C2EB00A4CFFF /* InfoQTests */ = {
			isa = PBXGroup;
			children = (
				C6EE91CA1982C2EB00A4CFFF /* InfoQTests.swift */,
				C6EE91C81982C2EB00A4CFFF /* Supporting Files */,
			);
			path = InfoQTests;
			sourceTree = "<group>";
		};
		C6EE91C81982C2EB00A4CFFF /* Supporting Files */ = {
			isa = PBXGroup;
			children = (
				C6EE91C91982C2EB00A4CFFF /* Info.plist */,
			);
			name = "Supporting Files";
			sourceTree = "<group>";
		};
/* End PBXGroup section */

/* Begin PBXNativeTarget section */
		C6EE91AF1982C2EA00A4CFFF /* InfoQ */ = {
			isa = PBXNativeTarget;
			buildConfigurationList = C6EE91CE1982C2EB00A4CFFF /* Build configuration list for PBXNativeTarget "InfoQ" */;
			buildPhases = (
				C6EE91AC1982C2EA00A4CFFF /* Sources */,
				C6EE91AD1982C2EA00A4CFFF /* Frameworks */,
				C6EE91AE1982C2EA00A4CFFF /* Resources */,
			);
			buildRules = (
			);
			dependencies = (
			);
			name = InfoQ;
			productName = InfoQ;
			productReference = C6EE91B01982C2EB00A4CFFF /* InfoQ.app */;
			productType = "com.apple.product-type.application";
		};
		C6EE91C31982C2EB00A4CFFF /* InfoQTests */ = {
			isa = PBXNativeTarget;
			buildConfigurationList = C6EE91D11982C2EB00A4CFFF /* Build configuration list for PBXNativeTarget "InfoQTests" */;
			buildPhases = (
				C6EE91C01982C2EB00A4CFFF /* Sources */,
				C6EE91C11982C2EB00A4CFFF /* Frameworks */,
				C6EE91C21982C2EB00A4CFFF /* Resources */,
			);
			buildRules = (
			);
			dependencies = (
				C6EE91C61982C2EB00A4CFFF /* PBXTargetDependency */,
			);
			name = InfoQTests;
			productName = InfoQTests;
			productReference = C6EE91C41982C2EB00A4CFFF /* InfoQTests.xctest */;
			productType = "com.apple.product-type.bundle.unit-test";
		};
/* End PBXNativeTarget section */

/* Begin PBXProject section */
		C6EE91A81982C2EA00A4CFFF /* Project object */ = {
			isa = PBXProject;
			attributes = {
				LastUpgradeCheck = 0600;
				ORGANIZATIONNAME = "Uwe Dauernheim";
				TargetAttributes = {
					C6EE91AF1982C2EA00A4CFFF = {
						CreatedOnToolsVersion = 6.0;
						DevelopmentTeam = 8DR8DB9W22;
					};
					C6EE91C31982C2EB00A4CFFF = {
						CreatedOnToolsVersion = 6.0;
						TestTargetID = C6EE91AF1982C2EA00A4CFFF;
					};
				};
			};
			buildConfigurationList = C6EE91AB1982C2EA00A4CFFF /* Build configuration list for PBXProject "InfoQ" */;
			compatibilityVersion = "Xcode 3.2";
			developmentRegion = English;
			hasScannedForEncodings = 0;
			knownRegions = (
				en,
				Base,
			);
			mainGroup = C6EE91A71982C2EA00A4CFFF;
			productRefGroup = C6EE91B11982C2EB00A4CFFF /* Products */;
			projectDirPath = "";
			projectRoot = "";
			targets = (
				C6EE91AF1982C2EA00A4CFFF /* InfoQ */,
				C6EE91C31982C2EB00A4CFFF /* InfoQTests */,
			);
		};
/* End PBXProject section */

/* Begin PBXResourcesBuildPhase section */
		C6EE91AE1982C2EA00A4CFFF /* Resources */ = {
			isa = PBXResourcesBuildPhase;
			buildActionMask = 2147483647;
			files = (
				C6EE91BF1982C2EB00A4CFFF /* Images.xcassets in Resources */,
			);
			runOnlyForDeploymentPostprocessing = 0;
		};
		C6EE91C21982C2EB00A4CFFF /* Resources */ = {
			isa = PBXResourcesBuildPhase;
			buildActionMask = 2147483647;
			files = (
			);
			runOnlyForDeploymentPostprocessing = 0;
		};
/* End PBXResourcesBuildPhase section */

/* Begin PBXSourcesBuildPhase section */
		C6EE91AC1982C2EA00A4CFFF /* Sources */ = {
			isa = PBXSourcesBuildPhase;
			buildActionMask = 2147483647;
			files = (
				C6EE91B61982C2EB00A4CFFF /* AppDelegate.swift in Sources */,
				C6EE91B81982C2EB00A4CFFF /* PresentationsViewController.swift in Sources */,
				C62E68C01988EFE30019652B /* ImageLoader.swift in Sources */,
				C6C6EEBA198804D000C97F31 /* APIController.swift in Sources */,
				C6C6EEBC1988238900C97F31 /* Presentation.swift in Sources */,
				C62E68C21988F7DB0019652B /* PresentationViewController.swift in Sources */,
				C62E68BE1988E6BF0019652B /* Utils.swift in Sources */,
			);
			runOnlyForDeploymentPostprocessing = 0;
		};
		C6EE91C01982C2EB00A4CFFF /* Sources */ = {
			isa = PBXSourcesBuildPhase;
			buildActionMask = 2147483647;
			files = (
				C6EE91CB1982C2EB00A4CFFF /* InfoQTests.swift in Sources */,
			);
			runOnlyForDeploymentPostprocessing = 0;
		};
/* End PBXSourcesBuildPhase section */

/* Begin PBXTargetDependency section */
		C6EE91C61982C2EB00A4CFFF /* PBXTargetDependency */ = {
			isa = PBXTargetDependency;
			target = C6EE91AF1982C2EA00A4CFFF /* InfoQ */;
			targetProxy = C6EE91C51982C2EB00A4CFFF /* PBXContainerItemProxy */;
		};
/* End PBXTargetDependency section */

/* Begin XCBuildConfiguration section */
		C6EE91CC1982C2EB00A4CFFF /* Debug */ = {
			isa = XCBuildConfiguration;
			buildSettings = {
				ALWAYS_SEARCH_USER_PATHS = NO;
				CLANG_CXX_LANGUAGE_STANDARD = "gnu++0x";
				CLANG_CXX_LIBRARY = "libc++";
				CLANG_ENABLE_MODULES = YES;
				CLANG_ENABLE_OBJC_ARC = YES;
				CLANG_WARN_BOOL_CONVERSION = YES;
				CLANG_WARN_CONSTANT_CONVERSION = YES;
				CLANG_WARN_DIRECT_OBJC_ISA_USAGE = YES_ERROR;
				CLANG_WARN_EMPTY_BODY = YES;
				CLANG_WARN_ENUM_CONVERSION = YES;
				CLANG_WARN_INT_CONVERSION = YES;
				CLANG_WARN_OBJC_ROOT_CLASS = YES_ERROR;
				CLANG_WARN_UNREACHABLE_CODE = YES;
				CLANG_WARN__DUPLICATE_METHOD_MATCH = YES;
				"CODE_SIGN_IDENTITY[sdk=iphoneos*]" = "iPhone Developer";
				COPY_PHASE_STRIP = NO;
				ENABLE_STRICT_OBJC_MSGSEND = YES;
				GCC_C_LANGUAGE_STANDARD = gnu99;
				GCC_DYNAMIC_NO_PIC = NO;
				GCC_OPTIMIZATION_LEVEL = 0;
				GCC_PREPROCESSOR_DEFINITIONS = (
					"DEBUG=1",
					"$(inherited)",
				);
				GCC_SYMBOLS_PRIVATE_EXTERN = NO;
				GCC_WARN_64_TO_32_BIT_CONVERSION = YES;
				GCC_WARN_ABOUT_RETURN_TYPE = YES_ERROR;
				GCC_WARN_UNDECLARED_SELECTOR = YES;
				GCC_WARN_UNINITIALIZED_AUTOS = YES_AGGRESSIVE;
				GCC_WARN_UNUSED_FUNCTION = YES;
				GCC_WARN_UNUSED_VARIABLE = YES;
				IPHONEOS_DEPLOYMENT_TARGET = 8.0;
				MTL_ENABLE_DEBUG_INFO = YES;
				ONLY_ACTIVE_ARCH = YES;
				SDKROOT = iphoneos;
				SWIFT_OPTIMIZATION_LEVEL = "-Onone";
			};
			name = Debug;
		};
		C6EE91CD1982C2EB00A4CFFF /* Release */ = {
			isa = XCBuildConfiguration;
			buildSettings = {
				ALWAYS_SEARCH_USER_PATHS = NO;
				CLANG_CXX_LANGUAGE_STANDARD = "gnu++0x";
				CLANG_CXX_LIBRARY = "libc++";
				CLANG_ENABLE_MODULES = YES;
				CLANG_ENABLE_OBJC_ARC = YES;
				CLANG_WARN_BOOL_CONVERSION = YES;
				CLANG_WARN_CONSTANT_CONVERSION = YES;
				CLANG_WARN_DIRECT_OBJC_ISA_USAGE = YES_ERROR;
				CLANG_WARN_EMPTY_BODY = YES;
				CLANG_WARN_ENUM_CONVERSION = YES;
				CLANG_WARN_INT_CONVERSION = YES;
				CLANG_WARN_OBJC_ROOT_CLASS = YES_ERROR;
				CLANG_WARN_UNREACHABLE_CODE = YES;
				CLANG_WARN__DUPLICATE_METHOD_MATCH = YES;
				"CODE_SIGN_IDENTITY[sdk=iphoneos*]" = "iPhone Developer";
				COPY_PHASE_STRIP = YES;
				ENABLE_NS_ASSERTIONS = NO;
				ENABLE_STRICT_OBJC_MSGSEND = YES;
				GCC_C_LANGUAGE_STANDARD = gnu99;
				GCC_WARN_64_TO_32_BIT_CONVERSION = YES;
				GCC_WARN_ABOUT_RETURN_TYPE = YES_ERROR;
				GCC_WARN_UNDECLARED_SELECTOR = YES;
				GCC_WARN_UNINITIALIZED_AUTOS = YES_AGGRESSIVE;
				GCC_WARN_UNUSED_FUNCTION = YES;
				GCC_WARN_UNUSED_VARIABLE = YES;
				IPHONEOS_DEPLOYMENT_TARGET = 8.0;
				MTL_ENABLE_DEBUG_INFO = NO;
				SDKROOT = iphoneos;
				VALIDATE_PRODUCT = YES;
			};
			name = Release;
		};
		C6EE91CF1982C2EB00A4CFFF /* Debug */ = {
			isa = XCBuildConfiguration;
			buildSettings = {
				ASSETCATALOG_COMPILER_APPICON_NAME = AppIcon;
				ASSETCATALOG_COMPILER_LAUNCHIMAGE_NAME = LaunchImage;
				CODE_SIGN_IDENTITY = "iPhone Developer";
				"CODE_SIGN_IDENTITY[sdk=iphoneos*]" = "iPhone Developer";
				INFOPLIST_FILE = InfoQ/Info.plist;
				LD_RUNPATH_SEARCH_PATHS = "$(inherited) @executable_path/Frameworks";
				PRODUCT_NAME = "$(TARGET_NAME)";
				PROVISIONING_PROFILE = "";
			};
			name = Debug;
		};
		C6EE91D01982C2EB00A4CFFF /* Release */ = {
			isa = XCBuildConfiguration;
			buildSettings = {
				ASSETCATALOG_COMPILER_APPICON_NAME = AppIcon;
				ASSETCATALOG_COMPILER_LAUNCHIMAGE_NAME = LaunchImage;
				CODE_SIGN_IDENTITY = "iPhone Developer";
				"CODE_SIGN_IDENTITY[sdk=iphoneos*]" = "iPhone Developer";
				INFOPLIST_FILE = InfoQ/Info.plist;
				LD_RUNPATH_SEARCH_PATHS = "$(inherited) @executable_path/Frameworks";
				PRODUCT_NAME = "$(TARGET_NAME)";
				PROVISIONING_PROFILE = "";
			};
			name = Release;
		};
		C6EE91D21982C2EB00A4CFFF /* Debug */ = {
			isa = XCBuildConfiguration;
			buildSettings = {
				BUNDLE_LOADER = "$(BUILT_PRODUCTS_DIR)/InfoQ.app/InfoQ";
				FRAMEWORK_SEARCH_PATHS = (
					"$(SDKROOT)/Developer/Library/Frameworks",
					"$(inherited)",
				);
				GCC_PREPROCESSOR_DEFINITIONS = (
					"DEBUG=1",
					"$(inherited)",
				);
				INFOPLIST_FILE = InfoQTests/Info.plist;
				LD_RUNPATH_SEARCH_PATHS = "$(inherited) @executable_path/Frameworks @loader_path/Frameworks";
				PRODUCT_NAME = "$(TARGET_NAME)";
				TEST_HOST = "$(BUNDLE_LOADER)";
			};
			name = Debug;
		};
		C6EE91D31982C2EB00A4CFFF /* Release */ = {
			isa = XCBuildConfiguration;
			buildSettings = {
				BUNDLE_LOADER = "$(BUILT_PRODUCTS_DIR)/InfoQ.app/InfoQ";
				FRAMEWORK_SEARCH_PATHS = (
					"$(SDKROOT)/Developer/Library/Frameworks",
					"$(inherited)",
				);
				INFOPLIST_FILE = InfoQTests/Info.plist;
				LD_RUNPATH_SEARCH_PATHS = "$(inherited) @executable_path/Frameworks @loader_path/Frameworks";
				PRODUCT_NAME = "$(TARGET_NAME)";
				TEST_HOST = "$(BUNDLE_LOADER)";
			};
			name = Release;
		};
/* End XCBuildConfiguration section */

/* Begin XCConfigurationList section */
		C6EE91AB1982C2EA00A4CFFF /* Build configuration list for PBXProject "InfoQ" */ = {
			isa = XCConfigurationList;
			buildConfigurations = (
				C6EE91CC1982C2EB00A4CFFF /* Debug */,
				C6EE91CD1982C2EB00A4CFFF /* Release */,
			);
			defaultConfigurationIsVisible = 0;
			defaultConfigurationName = Release;
		};
		C6EE91CE1982C2EB00A4CFFF /* Build configuration list for PBXNativeTarget "InfoQ" */ = {
			isa = XCConfigurationList;
			buildConfigurations = (
				C6EE91CF1982C2EB00A4CFFF /* Debug */,
				C6EE91D01982C2EB00A4CFFF /* Release */,
			);
			defaultConfigurationIsVisible = 0;
			defaultConfigurationName = Release;
		};
		C6EE91D11982C2EB00A4CFFF /* Build configuration list for PBXNativeTarget "InfoQTests" */ = {
			isa = XCConfigurationList;
			buildConfigurations = (
				C6EE91D21982C2EB00A4CFFF /* Debug */,
				C6EE91D31982C2EB00A4CFFF /* Release */,
			);
			defaultConfigurationIsVisible = 0;
			defaultConfigurationName = Release;
		};
/* End XCConfigurationList section */
	};
	rootObject = C6EE91A81982C2EA00A4CFFF /* Project object */;
}
